<?xml version="1.0" encoding="utf-8"?>
<Project ToolsVersion="4.0" xmlns="http://schemas.microsoft.com/developer/msbuild/2003">
  <ItemGroup>
    <ClCompile Include="Main.c" />
    <ClCompile Include="App.c" />
    <ClCompile Include="AppView.c" />
    <ClCompile Include="Calculator.c" />
  </ItemGroup>
  <ItemGroup>
    <ClInclude Include="App.h" />
    <ClInclude Include="AppView.h" />
    <ClInclude Include="Macros.h" />
    <ClInclude Include="Calculator.h" />
  </ItemGroup>
</Project>