
Microsoft Visual Studio Solution File, Format Version 12.00
# Visual Studio Version 16
VisualStudioVersion = 16.0.30002.166
MinimumVisualStudioVersion = 10.0.40219.1
Project("{8BC9CEB8-8B4A-11D0-8D11-00A0C91BC942}") = "grade-process", "grade-process.vcxproj", "{7BDBE29A-911C-4193-889F-BC44FE7F1453}"
EndProject
Global
	GlobalSection(SolutionConfigurationPlatforms) = preSolution
		Debug|x86 = Debug|x86
	EndGlobalSection
	GlobalSection(ProjectConfigurationPlatforms) = postSolution
		{7BDBE29A-911C-4193-889F-BC44FE7F1453}.Debug|x86.ActiveCfg = Debug|Win32
		{7BDBE29A-911C-4193-889F-BC44FE7F1453}.Debug|x86.Build.0 = Debug|Win32
	EndGlobalSection
	GlobalSection(SolutionProperties) = preSolution
		HideSolutionNode = FALSE
	EndGlobalSection
	GlobalSection(ExtensibilityGlobals) = postSolution
		SolutionGuid = {C0411AFB-4002-4C31-BE82-1D874EA10D92}
	EndGlobalSection
EndGlobal
